Microsoft Visual Studio Solution File, Format Version 12.00
# Visual Studio Version 17
VisualStudioVersion = 17.0.31903.59
MinimumVisualStudioVersion = 10.0.40219.1
Project("{2150E333-8FDC-42A3-9474-1A3956D46DE8}") = "src", "src", "{827E0CD3-B72D-47B6-A68D-7590B98EB39B}"
	ProjectSection(SolutionItems) = preProject
		src\docker-compose.yml = src\docker-compose.yml
		src\README.md = src\README.md
	EndProjectSection
EndProject
Project("{2150E333-8FDC-42A3-9474-1A3956D46DE8}") = "BuildingBlocks", "BuildingBlocks", "{90298CBA-BD6F-3A0A-69D5-97CAD7B05E7E}"
EndProject
Project("{FAE04EC0-301F-11D3-BF4B-00C04F79EFBC}") = "Cms.Shared", "src\BuildingBlocks\Cms.Shared\Cms.Shared.csproj", "{E3497DC0-BCF1-41E5-B780-76F9F35CA28C}"
EndProject
Project("{2150E333-8FDC-42A3-9474-1A3956D46DE8}") = "Services", "Services", "{984BB9B3-3FA3-BE33-9484-CAC21695A33C}"
EndProject
Project("{2150E333-8FDC-42A3-9474-1A3956D46DE8}") = "Users", "Users", "{E19C77F4-0114-A26A-3F6E-A6CDC9D84385}"
EndProject
Project("{FAE04EC0-301F-11D3-BF4B-00C04F79EFBC}") = "Users.Api", "src\Services\Users\Users.Api\Users.Api.csproj", "{22F4D973-5AFD-4111-A92F-CE30C30AA4DF}"
EndProject
Project("{2150E333-8FDC-42A3-9474-1A3956D46DE8}") = "Contents", "Contents", "{AAEF07A8-BEE7-AD9B-C69A-73D4FA5E3944}"
EndProject
Project("{FAE04EC0-301F-11D3-BF4B-00C04F79EFBC}") = "Contents.Api", "src\Services\Contents\Contents.Api\Contents.Api.csproj", "{FA254F61-D80D-4EF3-A384-1897DB073F1C}"
EndProject

Project("{2150E333-8FDC-42A3-9474-1A3956D46DE8}") = "tests", "tests", "{A1C2B3C4-D5E6-47F8-91A2-334455667788}"
EndProject
Project("{2150E333-8FDC-42A3-9474-1A3956D46DE8}") = "Users", "Users", "{BB2D74E5-FF44-4231-BB18-AD19A59A8F01}"
EndProject
Project("{2150E333-8FDC-42A3-9474-1A3956D46DE8}") = "Contents", "Contents", "{CC3D11F2-88EE-4411-9EAA-CCCCCCCCCCCC}"
EndProject
Project("{FAE04EC0-301F-11D3-BF4B-00C04F79EFBC}") = "Contents.Test", "tests\Contents.Test\Contents.Test.csproj", "{A5BE9AEE-DDFC-494B-8707-E0BAD339720D}"
EndProject
Project("{FAE04EC0-301F-11D3-BF4B-00C04F79EFBC}") = "Users.Tests", "tests\Users.Tests\Users.Tests.csproj", "{02E911C1-3E15-48F2-97A8-6E522897D3B3}"
EndProject

Global
	GlobalSection(SolutionConfigurationPlatforms) = preSolution
		Debug|Any CPU = Debug|Any CPU
		Debug|x64 = Debug|x64
		Debug|x86 = Debug|x86
		Release|Any CPU = Release|Any CPU
		Release|x64 = Release|x64
		Release|x86 = Release|x86
	EndGlobalSection
	GlobalSection(ProjectConfigurationPlatforms) = postSolution
		{E3497DC0-BCF1-41E5-B780-76F9F35CA28C}.Debug|Any CPU.ActiveCfg = Debug|Any CPU
		{E3497DC0-BCF1-41E5-B780-76F9F35CA28C}.Debug|Any CPU.Build.0 = Debug|Any CPU
		{E3497DC0-BCF1-41E5-B780-76F9F35CA28C}.Debug|x64.ActiveCfg = Debug|Any CPU
		{E3497DC0-BCF1-41E5-B780-76F9F35CA28C}.Debug|x64.Build.0 = Debug|Any CPU
		{E3497DC0-BCF1-41E5-B780-76F9F35CA28C}.Debug|x86.ActiveCfg = Debug|Any CPU
		{E3497DC0-BCF1-41E5-B780-76F9F35CA28C}.Debug|x86.Build.0 = Debug|Any CPU
		{E3497DC0-BCF1-41E5-B780-76F9F35CA28C}.Release|Any CPU.ActiveCfg = Release|Any CPU
		{E3497DC0-BCF1-41E5-B780-76F9F35CA28C}.Release|Any CPU.Build.0 = Release|Any CPU
		{E3497DC0-BCF1-41E5-B780-76F9F35CA28C}.Release|x64.ActiveCfg = Release|Any CPU
		{E3497DC0-BCF1-41E5-B780-76F9F35CA28C}.Release|x64.Build.0 = Release|Any CPU
		{E3497DC0-BCF1-41E5-B780-76F9F35CA28C}.Release|x86.ActiveCfg = Release|Any CPU
		{E3497DC0-BCF1-41E5-B780-76F9F35CA28C}.Release|x86.Build.0 = Release|Any CPU

		{22F4D973-5AFD-4111-A92F-CE30C30AA4DF}.Debug|Any CPU.ActiveCfg = Debug|Any CPU
		{22F4D973-5AFD-4111-A92F-CE30C30AA4DF}.Debug|Any CPU.Build.0 = Debug|Any CPU
		{22F4D973-5AFD-4111-A92F-CE30C30AA4DF}.Debug|x64.ActiveCfg = Debug|Any CPU
		{22F4D973-5AFD-4111-A92F-CE30C30AA4DF}.Debug|x64.Build.0 = Debug|Any CPU
		{22F4D973-5AFD-4111-A92F-CE30C30AA4DF}.Debug|x86.ActiveCfg = Debug|Any CPU
		{22F4D973-5AFD-4111-A92F-CE30C30AA4DF}.Debug|x86.Build.0 = Debug|Any CPU
		{22F4D973-5AFD-4111-A92F-CE30C30AA4DF}.Release|Any CPU.ActiveCfg = Release|Any CPU
		{22F4D973-5AFD-4111-A92F-CE30C30AA4DF}.Release|Any CPU.Build.0 = Release|Any CPU
		{22F4D973-5AFD-4111-A92F-CE30C30AA4DF}.Release|x64.ActiveCfg = Release|Any CPU
		{22F4D973-5AFD-4111-A92F-CE30C30AA4DF}.Release|x64.Build.0 = Release|Any CPU
		{22F4D973-5AFD-4111-A92F-CE30C30AA4DF}.Release|x86.ActiveCfg = Release|Any CPU
		{22F4D973-5AFD-4111-A92F-CE30C30AA4DF}.Release|x86.Build.0 = Release|Any CPU

		{FA254F61-D80D-4EF3-A384-1897DB073F1C}.Debug|Any CPU.ActiveCfg = Debug|Any CPU
		{FA254F61-D80D-4EF3-A384-1897DB073F1C}.Debug|Any CPU.Build.0 = Debug|Any CPU
		{FA254F61-D80D-4EF3-A384-1897DB073F1C}.Debug|x64.ActiveCfg = Debug|Any CPU
		{FA254F61-D80D-4EF3-A384-1897DB073F1C}.Debug|x64.Build.0 = Debug|Any CPU
		{FA254F61-D80D-4EF3-A384-1897DB073F1C}.Debug|x86.ActiveCfg = Debug|Any CPU
		{FA254F61-D80D-4EF3-A384-1897DB073F1C}.Debug|x86.Build.0 = Debug|Any CPU
		{FA254F61-D80D-4EF3-A384-1897DB073F1C}.Release|Any CPU.ActiveCfg = Release|Any CPU
		{FA254F61-D80D-4EF3-A384-1897DB073F1C}.Release|Any CPU.Build.0 = Release|Any CPU
		{FA254F61-D80D-4EF3-A384-1897DB073F1C}.Release|x64.ActiveCfg = Release|Any CPU
		{FA254F61-D80D-4EF3-A384-1897DB073F1C}.Release|x64.Build.0 = Release|Any CPU
		{FA254F61-D80D-4EF3-A384-1897DB073F1C}.Release|x86.ActiveCfg = Release|Any CPU
		{FA254F61-D80D-4EF3-A384-1897DB073F1C}.Release|x86.Build.0 = Release|Any CPU


		{A5BE9AEE-DDFC-494B-8707-E0BAD339720D}.Debug|Any CPU.ActiveCfg = Debug|Any CPU
		{A5BE9AEE-DDFC-494B-8707-E0BAD339720D}.Debug|Any CPU.Build.0 = Debug|Any CPU
		{A5BE9AEE-DDFC-494B-8707-E0BAD339720D}.Debug|x64.ActiveCfg = Debug|Any CPU
		{A5BE9AEE-DDFC-494B-8707-E0BAD339720D}.Debug|x64.Build.0 = Debug|Any CPU
		{A5BE9AEE-DDFC-494B-8707-E0BAD339720D}.Debug|x86.ActiveCfg = Debug|Any CPU
		{A5BE9AEE-DDFC-494B-8707-E0BAD339720D}.Debug|x86.Build.0 = Debug|Any CPU
		{A5BE9AEE-DDFC-494B-8707-E0BAD339720D}.Release|Any CPU.ActiveCfg = Release|Any CPU
		{A5BE9AEE-DDFC-494B-8707-E0BAD339720D}.Release|Any CPU.Build.0 = Release|Any CPU
		{A5BE9AEE-DDFC-494B-8707-E0BAD339720D}.Release|x64.ActiveCfg = Release|Any CPU
		{A5BE9AEE-DDFC-494B-8707-E0BAD339720D}.Release|x64.Build.0 = Release|Any CPU
		{A5BE9AEE-DDFC-494B-8707-E0BAD339720D}.Release|x86.ActiveCfg = Release|Any CPU
		{A5BE9AEE-DDFC-494B-8707-E0BAD339720D}.Release|x86.Build.0 = Release|Any CPU
		{02E911C1-3E15-48F2-97A8-6E522897D3B3}.Debug|Any CPU.ActiveCfg = Debug|Any CPU
		{02E911C1-3E15-48F2-97A8-6E522897D3B3}.Debug|Any CPU.Build.0 = Debug|Any CPU
		{02E911C1-3E15-48F2-97A8-6E522897D3B3}.Debug|x64.ActiveCfg = Debug|Any CPU
		{02E911C1-3E15-48F2-97A8-6E522897D3B3}.Debug|x64.Build.0 = Debug|Any CPU
		{02E911C1-3E15-48F2-97A8-6E522897D3B3}.Debug|x86.ActiveCfg = Debug|Any CPU
		{02E911C1-3E15-48F2-97A8-6E522897D3B3}.Debug|x86.Build.0 = Debug|Any CPU
		{02E911C1-3E15-48F2-97A8-6E522897D3B3}.Release|Any CPU.ActiveCfg = Release|Any CPU
		{02E911C1-3E15-48F2-97A8-6E522897D3B3}.Release|Any CPU.Build.0 = Release|Any CPU
		{02E911C1-3E15-48F2-97A8-6E522897D3B3}.Release|x64.ActiveCfg = Release|Any CPU
		{02E911C1-3E15-48F2-97A8-6E522897D3B3}.Release|x64.Build.0 = Release|Any CPU
		{02E911C1-3E15-48F2-97A8-6E522897D3B3}.Release|x86.ActiveCfg = Release|Any CPU
		{02E911C1-3E15-48F2-97A8-6E522897D3B3}.Release|x86.Build.0 = Release|Any CPU
	EndGlobalSection
	GlobalSection(SolutionProperties) = preSolution
		HideSolutionNode = FALSE
	EndGlobalSection
	GlobalSection(NestedProjects) = preSolution
		{90298CBA-BD6F-3A0A-69D5-97CAD7B05E7E} = {827E0CD3-B72D-47B6-A68D-7590B98EB39B}
		{E3497DC0-BCF1-41E5-B780-76F9F35CA28C} = {90298CBA-BD6F-3A0A-69D5-97CAD7B05E7E}
		{984BB9B3-3FA3-BE33-9484-CAC21695A33C} = {827E0CD3-B72D-47B6-A68D-7590B98EB39B}
		{E19C77F4-0114-A26A-3F6E-A6CDC9D84385} = {984BB9B3-3FA3-BE33-9484-CAC21695A33C}
		{22F4D973-5AFD-4111-A92F-CE30C30AA4DF} = {E19C77F4-0114-A26A-3F6E-A6CDC9D84385}
		{AAEF07A8-BEE7-AD9B-C69A-73D4FA5E3944} = {984BB9B3-3FA3-BE33-9484-CAC21695A33C}
		{FA254F61-D80D-4EF3-A384-1897DB073F1C} = {AAEF07A8-BEE7-AD9B-C69A-73D4FA5E3944}

		{BB2D74E5-FF44-4231-BB18-AD19A59A8F01} = {A1C2B3C4-D5E6-47F8-91A2-334455667788}
		{CC3D11F2-88EE-4411-9EAA-CCCCCCCCCCCC} = {A1C2B3C4-D5E6-47F8-91A2-334455667788}
		{A5BE9AEE-DDFC-494B-8707-E0BAD339720D} = {CC3D11F2-88EE-4411-9EAA-CCCCCCCCCCCC}
		{02E911C1-3E15-48F2-97A8-6E522897D3B3} = {BB2D74E5-FF44-4231-BB18-AD19A59A8F01}
	EndGlobalSection
EndGlobal
